
Microsoft Visual Studio Solution File, Format Version 12.00
# Visual Studio Version 16
VisualStudioVersion = 16.0.32002.261
MinimumVisualStudioVersion = 10.0.40219.1
Project("{FAE04EC0-301F-11D3-BF4B-00C04F79EFBC}") = "startApp", "startApp\startApp.csproj", "{16E8BF5F-8B15-4475-9EEA-4AC002B0D814}"
EndProject
Project("{FAE04EC0-301F-11D3-BF4B-00C04F79EFBC}") = "Biblioteca", "Biblioteca\Biblioteca.csproj", "{86E23536-14CE-43D4-9460-ACBD7C8459C1}"
EndProject
Global
	GlobalSection(SolutionConfigurationPlatforms) = preSolution
		Debug|Any CPU = Debug|Any CPU
		Release|Any CPU = Release|Any CPU
	EndGlobalSection
	GlobalSection(ProjectConfigurationPlatforms) = postSolution
		{16E8BF5F-8B15-4475-9EEA-4AC002B0D814}.Debug|Any CPU.ActiveCfg = Debug|Any CPU
		{16E8BF5F-8B15-4475-9EEA-4AC002B0D814}.Debug|Any CPU.Build.0 = Debug|Any CPU
		{16E8BF5F-8B15-4475-9EEA-4AC002B0D814}.Release|Any CPU.ActiveCfg = Release|Any CPU
		{16E8BF5F-8B15-4475-9EEA-4AC002B0D814}.Release|Any CPU.Build.0 = Release|Any CPU
		{86E23536-14CE-43D4-9460-ACBD7C8459C1}.Debug|Any CPU.ActiveCfg = Debug|Any CPU
		{86E23536-14CE-43D4-9460-ACBD7C8459C1}.Debug|Any CPU.Build.0 = Debug|Any CPU
		{86E23536-14CE-43D4-9460-ACBD7C8459C1}.Release|Any CPU.ActiveCfg = Release|Any CPU
		{86E23536-14CE-43D4-9460-ACBD7C8459C1}.Release|Any CPU.Build.0 = Release|Any CPU
	EndGlobalSection
	GlobalSection(SolutionProperties) = preSolution
		HideSolutionNode = FALSE
	EndGlobalSection
	GlobalSection(ExtensibilityGlobals) = postSolution
		SolutionGuid = {5FC19A80-9279-4E01-87A8-9AC4F78AAFFE}
	EndGlobalSection
EndGlobal
